
Microsoft Visual Studio Solution File, Format Version 12.00
# Visual Studio Version 16
VisualStudioVersion = 16.0.31321.278
MinimumVisualStudioVersion = 10.0.40219.1
Project("{FAE04EC0-301F-11D3-BF4B-00C04F79EFBC}") = "Blue star auto repair", "Blue star auto repair\Blue star auto repair.csproj", "{76B31F7F-5C72-46A5-8C64-16F50648A12F}"
EndProject
Global
	GlobalSection(SolutionConfigurationPlatforms) = preSolution
		Debug|Any CPU = Debug|Any CPU
		Release|Any CPU = Release|Any CPU
	EndGlobalSection
	GlobalSection(ProjectConfigurationPlatforms) = postSolution
		{76B31F7F-5C72-46A5-8C64-16F50648A12F}.Debug|Any CPU.ActiveCfg = Debug|Any CPU
		{76B31F7F-5C72-46A5-8C64-16F50648A12F}.Debug|Any CPU.Build.0 = Debug|Any CPU
		{76B31F7F-5C72-46A5-8C64-16F50648A12F}.Release|Any CPU.ActiveCfg = Release|Any CPU
		{76B31F7F-5C72-46A5-8C64-16F50648A12F}.Release|Any CPU.Build.0 = Release|Any CPU
	EndGlobalSection
	GlobalSection(SolutionProperties) = preSolution
		HideSolutionNode = FALSE
	EndGlobalSection
	GlobalSection(ExtensibilityGlobals) = postSolution
		SolutionGuid = {9B430647-0A22-4457-AE52-9BD271E63D11}
	EndGlobalSection
EndGlobal
